
Microsoft Visual Studio Solution File, Format Version 12.00
# Visual Studio 15
VisualStudioVersion = 15.0.27130.2036
MinimumVisualStudioVersion = 10.0.40219.1
Project("{FAE04EC0-301F-11D3-BF4B-00C04F79EFBC}") = "LocalDevice", "LocalDevice\LocalDevice.csproj", "{5EB895FF-9A2C-4B98-A388-538C223A6FDA}"
EndProject
Project("{FAE04EC0-301F-11D3-BF4B-00C04F79EFBC}") = "AMS", "AMS\AMS.csproj", "{CA73B236-EF52-457E-ADD1-178CDCACFF05}"
EndProject
Project("{FAE04EC0-301F-11D3-BF4B-00C04F79EFBC}") = "LocalControler", "LocalControler\LocalControler.csproj", "{624BE9E3-BEA0-4E41-B61F-6E02979670FD}"
EndProject
Project("{FAE04EC0-301F-11D3-BF4B-00C04F79EFBC}") = "AMS_Common", "AMS_Common\AMS_Common.csproj", "{DDDB2275-758E-4E54-BB91-406F385032FB}"
EndProject
Global
	GlobalSection(SolutionConfigurationPlatforms) = preSolution
		Debug|Any CPU = Debug|Any CPU
		Release|Any CPU = Release|Any CPU
	EndGlobalSection
	GlobalSection(ProjectConfigurationPlatforms) = postSolution
		{5EB895FF-9A2C-4B98-A388-538C223A6FDA}.Debug|Any CPU.ActiveCfg = Debug|Any CPU
		{5EB895FF-9A2C-4B98-A388-538C223A6FDA}.Debug|Any CPU.Build.0 = Debug|Any CPU
		{5EB895FF-9A2C-4B98-A388-538C223A6FDA}.Release|Any CPU.ActiveCfg = Release|Any CPU
		{5EB895FF-9A2C-4B98-A388-538C223A6FDA}.Release|Any CPU.Build.0 = Release|Any CPU
		{CA73B236-EF52-457E-ADD1-178CDCACFF05}.Debug|Any CPU.ActiveCfg = Debug|Any CPU
		{CA73B236-EF52-457E-ADD1-178CDCACFF05}.Debug|Any CPU.Build.0 = Debug|Any CPU
		{CA73B236-EF52-457E-ADD1-178CDCACFF05}.Release|Any CPU.ActiveCfg = Release|Any CPU
		{CA73B236-EF52-457E-ADD1-178CDCACFF05}.Release|Any CPU.Build.0 = Release|Any CPU
		{624BE9E3-BEA0-4E41-B61F-6E02979670FD}.Debug|Any CPU.ActiveCfg = Debug|Any CPU
		{624BE9E3-BEA0-4E41-B61F-6E02979670FD}.Debug|Any CPU.Build.0 = Debug|Any CPU
		{624BE9E3-BEA0-4E41-B61F-6E02979670FD}.Release|Any CPU.ActiveCfg = Release|Any CPU
		{624BE9E3-BEA0-4E41-B61F-6E02979670FD}.Release|Any CPU.Build.0 = Release|Any CPU
		{DDDB2275-758E-4E54-BB91-406F385032FB}.Debug|Any CPU.ActiveCfg = Debug|Any CPU
		{DDDB2275-758E-4E54-BB91-406F385032FB}.Debug|Any CPU.Build.0 = Debug|Any CPU
		{DDDB2275-758E-4E54-BB91-406F385032FB}.Release|Any CPU.ActiveCfg = Release|Any CPU
		{DDDB2275-758E-4E54-BB91-406F385032FB}.Release|Any CPU.Build.0 = Release|Any CPU
	EndGlobalSection
	GlobalSection(SolutionProperties) = preSolution
		HideSolutionNode = FALSE
	EndGlobalSection
	GlobalSection(ExtensibilityGlobals) = postSolution
		SolutionGuid = {4F7BC44C-5E04-42C8-9493-40A125C2E61B}
	EndGlobalSection
EndGlobal
